
Microsoft Visual Studio Solution File, Format Version 12.00
# Visual Studio 15
VisualStudioVersion = 15.0.27428.2027
MinimumVisualStudioVersion = 10.0.40219.1
Project("{9A19103F-16F7-4668-BE54-9A1E7A4F7556}") = "TwicePower.Unifi", "TwicePower.Unifi\TwicePower.Unifi.csproj", "{FD3E124F-08A9-404D-9D0C-C88739FBE673}"
EndProject
Project("{9A19103F-16F7-4668-BE54-9A1E7A4F7556}") = "TwicePower.Unifi.Tests", "TwicePower.Unifi.Tests\TwicePower.Unifi.Tests.csproj", "{5D3EF8C7-AFA9-47BE-8ADF-FFF2933FBCC0}"
EndProject
Project("{9A19103F-16F7-4668-BE54-9A1E7A4F7556}") = "TwicePower.Unifi.PrecenseChecker", "Twicepower.Unifi.PrecenseChecker\TwicePower.Unifi.PrecenseChecker.csproj", "{AD346A94-B098-4803-BBDD-4598C75E4F23}"
EndProject
Project("{2150E333-8FDC-42A3-9474-1A3956D46DE8}") = "Solution Items", "Solution Items", "{A1B950F5-1F40-42F0-A2AD-486D85956449}"
	ProjectSection(SolutionItems) = preProject
		README.md = README.md
		Screenshot.PNG = Screenshot.PNG
	EndProjectSection
EndProject
Global
	GlobalSection(SolutionConfigurationPlatforms) = preSolution
		Debug|Any CPU = Debug|Any CPU
		Release|Any CPU = Release|Any CPU
	EndGlobalSection
	GlobalSection(ProjectConfigurationPlatforms) = postSolution
		{FD3E124F-08A9-404D-9D0C-C88739FBE673}.Debug|Any CPU.ActiveCfg = Debug|Any CPU
		{FD3E124F-08A9-404D-9D0C-C88739FBE673}.Debug|Any CPU.Build.0 = Debug|Any CPU
		{FD3E124F-08A9-404D-9D0C-C88739FBE673}.Release|Any CPU.ActiveCfg = Release|Any CPU
		{FD3E124F-08A9-404D-9D0C-C88739FBE673}.Release|Any CPU.Build.0 = Release|Any CPU
		{5D3EF8C7-AFA9-47BE-8ADF-FFF2933FBCC0}.Debug|Any CPU.ActiveCfg = Debug|Any CPU
		{5D3EF8C7-AFA9-47BE-8ADF-FFF2933FBCC0}.Debug|Any CPU.Build.0 = Debug|Any CPU
		{5D3EF8C7-AFA9-47BE-8ADF-FFF2933FBCC0}.Release|Any CPU.ActiveCfg = Release|Any CPU
		{5D3EF8C7-AFA9-47BE-8ADF-FFF2933FBCC0}.Release|Any CPU.Build.0 = Release|Any CPU
		{AD346A94-B098-4803-BBDD-4598C75E4F23}.Debug|Any CPU.ActiveCfg = Debug|Any CPU
		{AD346A94-B098-4803-BBDD-4598C75E4F23}.Debug|Any CPU.Build.0 = Debug|Any CPU
		{AD346A94-B098-4803-BBDD-4598C75E4F23}.Release|Any CPU.ActiveCfg = Release|Any CPU
		{AD346A94-B098-4803-BBDD-4598C75E4F23}.Release|Any CPU.Build.0 = Release|Any CPU
	EndGlobalSection
	GlobalSection(SolutionProperties) = preSolution
		HideSolutionNode = FALSE
	EndGlobalSection
	GlobalSection(ExtensibilityGlobals) = postSolution
		SolutionGuid = {A015493E-9277-4C36-8405-5F4B1F064533}
	EndGlobalSection
EndGlobal
